// !$*UTF8*$!
{
	archiveVersion = 1;
	classes = {
	};
	objectVersion = 46;
	objects = {

/* Begin PBXBuildFile section */
		1B4F59741C21A1C700D86732 /* AppDelegate.swift in Sources */ = {isa = PBXBuildFile; fileRef = 1B4F59731C21A1C700D86732 /* AppDelegate.swift */; };
		1B4F59761C21A1C800D86732 /* ViewController.swift in Sources */ = {isa = PBXBuildFile; fileRef = 1B4F59751C21A1C800D86732 /* ViewController.swift */; };
		1B4F59791C21A1C800D86732 /* Main.storyboard in Resources */ = {isa = PBXBuildFile; fileRef = 1B4F59771C21A1C800D86732 /* Main.storyboard */; };
		1B4F597B1C21A1C800D86732 /* Assets.xcassets in Resources */ = {isa = PBXBuildFile; fileRef = 1B4F597A1C21A1C800D86732 /* Assets.xcassets */; };
		1B4F597E1C21A1C800D86732 /* LaunchScreen.storyboard in Resources */ = {isa = PBXBuildFile; fileRef = 1B4F597C1C21A1C800D86732 /* LaunchScreen.storyboard */; };
		1B4F59861C21FEF400D86732 /* REadMe.rtf in Resources */ = {isa = PBXBuildFile; fileRef = 1B4F59851C21FEF400D86732 /* REadMe.rtf */; };
		1BF3DAC91DA1CCC800DA1830 /* MyParkingPhoto2.png in Resources */ = {isa = PBXBuildFile; fileRef = 1BF3DAC81DA1CCC800DA1830 /* MyParkingPhoto2.png */; };
/* End PBXBuildFile section */

/* Begin PBXFileReference section */
		1B4F59701C21A1C700D86732 /* CameraApplication.app */ = {isa = PBXFileReference; explicitFileType = wrapper.application; includeInIndex = 0; path = CameraApplication.app; sourceTree = BUILT_PRODUCTS_DIR; };
		1B4F59731C21A1C700D86732 /* AppDelegate.swift */ = {isa = PBXFileReference; lastKnownFileType = sourcecode.swift; path = AppDelegate.swift; sourceTree = "<group>"; };
		1B4F59751C21A1C800D86732 /* ViewController.swift */ = {isa = PBXFileReference; lastKnownFileType = sourcecode.swift; path = ViewController.swift; sourceTree = "<group>"; };
		1B4F59781C21A1C800D86732 /* Base */ = {isa = PBXFileReference; lastKnownFileType = file.storyboard; name = Base; path = Base.lproj/Main.storyboard; sourceTree = "<group>"; };
		1B4F597A1C21A1C800D86732 /* Assets.xcassets */ = {isa = PBXFileReference; lastKnownFileType = folder.assetcatalog; path = Assets.xcassets; sourceTree = "<group>"; };
		1B4F597D1C21A1C800D86732 /* Base */ = {isa = PBXFileReference; lastKnownFileType = file.storyboard; name = Base; path = Base.lproj/LaunchScreen.storyboard; sourceTree = "<group>"; };
		1B4F597F1C21A1C800D86732 /* Info.plist */ = {isa = PBXFileReference; lastKnownFileType = text.plist.xml; path = Info.plist; sourceTree = "<group>"; };
		1B4F59851C21FEF400D86732 /* REadMe.rtf */ = {isa = PBXFileReference; fileEncoding = 4; lastKnownFileType = text.rtf; path = REadMe.rtf; sourceTree = "<group>"; };
		1BF3DAC81DA1CCC800DA1830 /* MyParkingPhoto2.png */ = {isa = PBXFileReference; lastKnownFileType = image.png; path = MyParkingPhoto2.png; sourceTree = "<group>"; };
/* End PBXFileReference section */

/* Begin PBXFrameworksBuildPhase section */
		1B4F596D1C21A1C700D86732 /* Frameworks */ = {
			isa = PBXFrameworksBuildPhase;
			buildActionMask = 2147483647;
			files = (
			);
			runOnlyForDeploymentPostprocessing = 0;
		};
/* End PBXFrameworksBuildPhase section */

/* Begin PBXGroup section */
		1B4F59671C21A1C700D86732 = {
			isa = PBXGroup;
			children = (
				1B4F59721C21A1C700D86732 /* CameraApplication */,
				1B4F59711C21A1C700D86732 /* Products */,
			);
			sourceTree = "<group>";
		};
		1B4F59711C21A1C700D86732 /* Products */ = {
			isa = PBXGroup;
			children = (
				1B4F59701C21A1C700D86732 /* CameraApplication.app */,
			);
			name = Products;
			sourceTree = "<group>";
		};
		1B4F59721C21A1C700D86732 /* CameraApplication */ = {
			isa = PBXGroup;
			children = (
				1B4F59731C21A1C700D86732 /* AppDelegate.swift */,
				1BF3DAC81DA1CCC800DA1830 /* MyParkingPhoto2.png */,
				1B4F59751C21A1C800D86732 /* ViewController.swift */,
				1B4F59771C21A1C800D86732 /* Main.storyboard */,
				1B4F59851C21FEF400D86732 /* REadMe.rtf */,
				1B4F597A1C21A1C800D86732 /* Assets.xcassets */,
				1B4F597C1C21A1C800D86732 /* LaunchScreen.storyboard */,
				1B4F597F1C21A1C800D86732 /* Info.plist */,
			);
			path = CameraApplication;
			sourceTree = "<group>";
		};
/* End PBXGroup section */

/* Begin PBXNativeTarget section */
		1B4F596F1C21A1C700D86732 /* CameraApplication */ = {
			isa = PBXNativeTarget;
			buildConfigurationList = 1B4F59821C21A1C800D86732 /* Build configuration list for PBXNativeTarget "CameraApplication" */;
			buildPhases = (
				1B4F596C1C21A1C700D86732 /* Sources */,
				1B4F596D1C21A1C700D86732 /* Frameworks */,
				1B4F596E1C21A1C700D86732 /* Resources */,
			);
			buildRules = (
			);
			dependencies = (
			);
			name = CameraApplication;
			productName = CameraApplication;
			productReference = 1B4F59701C21A1C700D86732 /* CameraApplication.app */;
			productType = "com.apple.product-type.application";
		};
/* End PBXNativeTarget section */

/* Begin PBXProject section */
		1B4F59681C21A1C700D86732 /* Project object */ = {
			isa = PBXProject;
			attributes = {
				LastSwiftUpdateCheck = 0720;
				LastUpgradeCheck = 0800;
				ORGANIZATIONNAME = "John Wetters";
				TargetAttributes = {
					1B4F596F1C21A1C700D86732 = {
						CreatedOnToolsVersion = 7.2;
						DevelopmentTeam = GM5A6G489N;
						LastSwiftMigration = 0800;
					};
				};
			};
			buildConfigurationList = 1B4F596B1C21A1C700D86732 /* Build configuration list for PBXProject "CameraApplication" */;
			compatibilityVersion = "Xcode 3.2";
			developmentRegion = English;
			hasScannedForEncodings = 0;
			knownRegions = (
				en,
				Base,
			);
			mainGroup = 1B4F59671C21A1C700D86732;
			productRefGroup = 1B4F59711C21A1C700D86732 /* Products */;
			projectDirPath = "";
			projectRoot = "";
			targets = (
				1B4F596F1C21A1C700D86732 /* CameraApplication */,
			);
		};
/* End PBXProject section */

/* Begin PBXResourcesBuildPhase section */
		1B4F596E1C21A1C700D86732 /* Resources */ = {
			isa = PBXResourcesBuildPhase;
			buildActionMask = 2147483647;
			files = (
				1B4F597E1C21A1C800D86732 /* LaunchScreen.storyboard in Resources */,
				1B4F597B1C21A1C800D86732 /* Assets.xcassets in Resources */,
				1B4F59861C21FEF400D86732 /* REadMe.rtf in Resources */,
				1BF3DAC91DA1CCC800DA1830 /* MyParkingPhoto2.png in Resources */,
				1B4F59791C21A1C800D86732 /* Main.storyboard in Resources */,
			);
			runOnlyForDeploymentPostprocessing = 0;
		};
/* End PBXResourcesBuildPhase section */

/* Begin PBXSourcesBuildPhase section */
		1B4F596C1C21A1C700D86732 /* Sources */ = {
			isa = PBXSourcesBuildPhase;
			buildActionMask = 2147483647;
			files = (
				1B4F59761C21A1C800D86732 /* ViewController.swift in Sources */,
				1B4F59741C21A1C700D86732 /* AppDelegate.swift in Sources */,
			);
			runOnlyForDeploymentPostprocessing = 0;
		};
/* End PBXSourcesBuildPhase section */

/* Begin PBXVariantGroup section */
		1B4F59771C21A1C800D86732 /* Main.storyboard */ = {
			isa = PBXVariantGroup;
			children = (
				1B4F59781C21A1C800D86732 /* Base */,
			);
			name = Main.storyboard;
			sourceTree = "<group>";
		};
		1B4F597C1C21A1C800D86732 /* LaunchScreen.storyboard */ = {
			isa = PBXVariantGroup;
			children = (
				1B4F597D1C21A1C800D86732 /* Base */,
			);
			name = LaunchScreen.storyboard;
			sourceTree = "<group>";
		};
/* End PBXVariantGroup section */

/* Begin XCBuildConfiguration section */
		1B4F59801C21A1C800D86732 /* Debug */ = {
			isa = XCBuildConfiguration;
			buildSettings = {
				ALWAYS_SEARCH_USER_PATHS = NO;
				CLANG_CXX_LANGUAGE_STANDARD = "gnu++0x";
				CLANG_CXX_LIBRARY = "libc++";
				CLANG_ENABLE_MODULES = YES;
				CLANG_ENABLE_OBJC_ARC = YES;
				CLANG_WARN_BOOL_CONVERSION = YES;
				CLANG_WARN_CONSTANT_CONVERSION = YES;
				CLANG_WARN_DIRECT_OBJC_ISA_USAGE = YES_ERROR;
				CLANG_WARN_EMPTY_BODY = YES;
				CLANG_WARN_ENUM_CONVERSION = YES;
				CLANG_WARN_INFINITE_RECURSION = YES;
				CLANG_WARN_INT_CONVERSION = YES;
				CLANG_WARN_OBJC_ROOT_CLASS = YES_ERROR;
				CLANG_WARN_SUSPICIOUS_MOVE = YES;
				CLANG_WARN_UNREACHABLE_CODE = YES;
				CLANG_WARN__DUPLICATE_METHOD_MATCH = YES;
				"CODE_SIGN_IDENTITY[sdk=iphoneos*]" = "iPhone Developer";
				COPY_PHASE_STRIP = NO;
				DEBUG_INFORMATION_FORMAT = dwarf;
				ENABLE_STRICT_OBJC_MSGSEND = YES;
				ENABLE_TESTABILITY = YES;
				GCC_C_LANGUAGE_STANDARD = gnu99;
				GCC_DYNAMIC_NO_PIC = NO;
				GCC_NO_COMMON_BLOCKS = YES;
				GCC_OPTIMIZATION_LEVEL = 0;
				GCC_PREPROCESSOR_DEFINITIONS = (
					"DEBUG=1",
					"$(inherited)",
				);
				GCC_WARN_64_TO_32_BIT_CONVERSION = YES;
				GCC_WARN_ABOUT_RETURN_TYPE = YES_ERROR;
				GCC_WARN_UNDECLARED_SELECTOR = YES;
				GCC_WARN_UNINITIALIZED_AUTOS = YES_AGGRESSIVE;
				GCC_WARN_UNUSED_FUNCTION = YES;
				GCC_WARN_UNUSED_VARIABLE = YES;
				IPHONEOS_DEPLOYMENT_TARGET = 9.2;
				MTL_ENABLE_DEBUG_INFO = YES;
				ONLY_ACTIVE_ARCH = YES;
				SDKROOT = iphoneos;
				SWIFT_OPTIMIZATION_LEVEL = "-Onone";
				TARGETED_DEVICE_FAMILY = "1,2";
			};
			name = Debug;
		};
		1B4F59811C21A1C800D86732 /* Release */ = {
			isa = XCBuildConfiguration;
			buildSettings = {
				ALWAYS_SEARCH_USER_PATHS = NO;
				CLANG_CXX_LANGUAGE_STANDARD = "gnu++0x";
				CLANG_CXX_LIBRARY = "libc++";
				CLANG_ENABLE_MODULES = YES;
				CLANG_ENABLE_OBJC_ARC = YES;
				CLANG_WARN_BOOL_CONVERSION = YES;
				CLANG_WARN_CONSTANT_CONVERSION = YES;
				CLANG_WARN_DIRECT_OBJC_ISA_USAGE = YES_ERROR;
				CLANG_WARN_EMPTY_BODY = YES;
				CLANG_WARN_ENUM_CONVERSION = YES;
				CLANG_WARN_INFINITE_RECURSION = YES;
				CLANG_WARN_INT_CONVERSION = YES;
				CLANG_WARN_OBJC_ROOT_CLASS = YES_ERROR;
				CLANG_WARN_SUSPICIOUS_MOVE = YES;
				CLANG_WARN_UNREACHABLE_CODE = YES;
				CLANG_WARN__DUPLICATE_METHOD_MATCH = YES;
				"CODE_SIGN_IDENTITY[sdk=iphoneos*]" = "iPhone Developer";
				COPY_PHASE_STRIP = NO;
				DEBUG_INFORMATION_FORMAT = "dwarf-with-dsym";
				ENABLE_NS_ASSERTIONS = NO;
				ENABLE_STRICT_OBJC_MSGSEND = YES;
				GCC_C_LANGUAGE_STANDARD = gnu99;
				GCC_NO_COMMON_BLOCKS = YES;
				GCC_WARN_64_TO_32_BIT_CONVERSION = YES;
				GCC_WARN_ABOUT_RETURN_TYPE = YES_ERROR;
				GCC_WARN_UNDECLARED_SELECTOR = YES;
				GCC_WARN_UNINITIALIZED_AUTOS = YES_AGGRESSIVE;
				GCC_WARN_UNUSED_FUNCTION = YES;
				GCC_WARN_UNUSED_VARIABLE = YES;
				IPHONEOS_DEPLOYMENT_TARGET = 9.2;
				MTL_ENABLE_DEBUG_INFO = NO;
				SDKROOT = iphoneos;
				SWIFT_OPTIMIZATION_LEVEL = "-Owholemodule";
				TARGETED_DEVICE_FAMILY = "1,2";
				VALIDATE_PRODUCT = YES;
			};
			name = Release;
		};
		1B4F59831C21A1C800D86732 /* Debug */ = {
			isa = XCBuildConfiguration;
			buildSettings = {
				ASSETCATALOG_COMPILER_APPICON_NAME = AppIcon;
				INFOPLIST_FILE = CameraApplication/Info.plist;
				LD_RUNPATH_SEARCH_PATHS = "$(inherited) @executable_path/Frameworks";
				PRODUCT_BUNDLE_IDENTIFIER = WettersConsulting.CameraApplication;
				PRODUCT_NAME = "$(TARGET_NAME)";
				SWIFT_VERSION = 3.0;
			};
			name = Debug;
		};
		1B4F59841C21A1C800D86732 /* Release */ = {
			isa = XCBuildConfiguration;
			buildSettings = {
				ASSETCATALOG_COMPILER_APPICON_NAME = AppIcon;
				INFOPLIST_FILE = CameraApplication/Info.plist;
				LD_RUNPATH_SEARCH_PATHS = "$(inherited) @executable_path/Frameworks";
				PRODUCT_BUNDLE_IDENTIFIER = WettersConsulting.CameraApplication;
				PRODUCT_NAME = "$(TARGET_NAME)";
				SWIFT_VERSION = 3.0;
			};
			name = Release;
		};
/* End XCBuildConfiguration section */

/* Begin XCConfigurationList section */
		1B4F596B1C21A1C700D86732 /* Build configuration list for PBXProject "CameraApplication" */ = {
			isa = XCConfigurationList;
			buildConfigurations = (
				1B4F59801C21A1C800D86732 /* Debug */,
				1B4F59811C21A1C800D86732 /* Release */,
			);
			defaultConfigurationIsVisible = 0;
			defaultConfigurationName = Release;
		};
		1B4F59821C21A1C800D86732 /* Build configuration list for PBXNativeTarget "CameraApplication" */ = {
			isa = XCConfigurationList;
			buildConfigurations = (
				1B4F59831C21A1C800D86732 /* Debug */,
				1B4F59841C21A1C800D86732 /* Release */,
			);
			defaultConfigurationIsVisible = 0;
			defaultConfigurationName = Release;
		};
/* End XCConfigurationList section */
	};
	rootObject = 1B4F59681C21A1C700D86732 /* Project object */;
}
